{
  "name": "@get200ok/is-even-number",
  "version": "1.0.0",
  "lockfileVersion": 3,
  "requires": true,
  "packages": {
    "": {
      "name": "@get200ok/is-even-number",
      "version": "1.0.0",
      "license": "ISC",
      "dependencies": {
        "@get200ok/is-even-number": "^1.0.0"
      }
    },
    "node_modules/@get200ok/is-even-number": {
      "version": "1.0.0",
      "resolved": "https://registry.npmjs.org/@get200ok/is-even-number/-/is-even-number-1.0.0.tgz",
      "integrity": "sha512-V1EN2Z+bjmAFUr8aXfonojVgxa+z/RVb6qyIr8PYaTQH+M/PAcBcJUQGpwZwcUWQQt8DTCXj5K4g4ToskdgR8Q==",
      "license": "ISC"
    }
  }
}
